
Microsoft Visual Studio Solution File, Format Version 12.00
# Visual Studio 14
VisualStudioVersion = 14.0.25420.1
MinimumVisualStudioVersion = 10.0.40219.1
Project("{FAE04EC0-301F-11D3-BF4B-00C04F79EFBC}") = "Test", "Test\Test.csproj", "{9A759366-09B4-4966-9EB2-9F1B8458573A}"
EndProject
Project("{FAE04EC0-301F-11D3-BF4B-00C04F79EFBC}") = "WCFApp", "WCFApp\WCFApp.csproj", "{C62473E3-1B25-40F0-9353-CC44C6D8ACBA}"
EndProject
Project("{FAE04EC0-301F-11D3-BF4B-00C04F79EFBC}") = "WEBAppTest", "WEBAppTest\WEBAppTest.csproj", "{979860F4-662C-494E-B81B-E099FADB7D90}"
EndProject
Project("{00D1A9C2-B5F0-4AF3-8072-F6C62B433612}") = "DemoDB", "DemoDB\DemoDB.sqlproj", "{8F6375BB-8A71-4C45-98C5-3B108B478C75}"
EndProject
Project("{FAE04EC0-301F-11D3-BF4B-00C04F79EFBC}") = "DemoDBTestProject", "DemoDBTestProject\DemoDBTestProject.csproj", "{35333496-A5AC-4542-B22F-CA20CC202664}"
EndProject
Global
	GlobalSection(SolutionConfigurationPlatforms) = preSolution
		Debug|Any CPU = Debug|Any CPU
		Release|Any CPU = Release|Any CPU
	EndGlobalSection
	GlobalSection(ProjectConfigurationPlatforms) = postSolution
		{9A759366-09B4-4966-9EB2-9F1B8458573A}.Debug|Any CPU.ActiveCfg = Debug|Any CPU
		{9A759366-09B4-4966-9EB2-9F1B8458573A}.Debug|Any CPU.Build.0 = Debug|Any CPU
		{9A759366-09B4-4966-9EB2-9F1B8458573A}.Release|Any CPU.ActiveCfg = Release|Any CPU
		{9A759366-09B4-4966-9EB2-9F1B8458573A}.Release|Any CPU.Build.0 = Release|Any CPU
		{C62473E3-1B25-40F0-9353-CC44C6D8ACBA}.Debug|Any CPU.ActiveCfg = Debug|Any CPU
		{C62473E3-1B25-40F0-9353-CC44C6D8ACBA}.Debug|Any CPU.Build.0 = Debug|Any CPU
		{C62473E3-1B25-40F0-9353-CC44C6D8ACBA}.Release|Any CPU.ActiveCfg = Release|Any CPU
		{C62473E3-1B25-40F0-9353-CC44C6D8ACBA}.Release|Any CPU.Build.0 = Release|Any CPU
		{979860F4-662C-494E-B81B-E099FADB7D90}.Debug|Any CPU.ActiveCfg = Debug|Any CPU
		{979860F4-662C-494E-B81B-E099FADB7D90}.Debug|Any CPU.Build.0 = Debug|Any CPU
		{979860F4-662C-494E-B81B-E099FADB7D90}.Release|Any CPU.ActiveCfg = Release|Any CPU
		{979860F4-662C-494E-B81B-E099FADB7D90}.Release|Any CPU.Build.0 = Release|Any CPU
		{8F6375BB-8A71-4C45-98C5-3B108B478C75}.Debug|Any CPU.ActiveCfg = Debug|Any CPU
		{8F6375BB-8A71-4C45-98C5-3B108B478C75}.Debug|Any CPU.Build.0 = Debug|Any CPU
		{8F6375BB-8A71-4C45-98C5-3B108B478C75}.Debug|Any CPU.Deploy.0 = Debug|Any CPU
		{8F6375BB-8A71-4C45-98C5-3B108B478C75}.Release|Any CPU.ActiveCfg = Release|Any CPU
		{8F6375BB-8A71-4C45-98C5-3B108B478C75}.Release|Any CPU.Build.0 = Release|Any CPU
		{8F6375BB-8A71-4C45-98C5-3B108B478C75}.Release|Any CPU.Deploy.0 = Release|Any CPU
		{35333496-A5AC-4542-B22F-CA20CC202664}.Debug|Any CPU.ActiveCfg = Debug|Any CPU
		{35333496-A5AC-4542-B22F-CA20CC202664}.Debug|Any CPU.Build.0 = Debug|Any CPU
		{35333496-A5AC-4542-B22F-CA20CC202664}.Release|Any CPU.ActiveCfg = Release|Any CPU
		{35333496-A5AC-4542-B22F-CA20CC202664}.Release|Any CPU.Build.0 = Release|Any CPU
	EndGlobalSection
	GlobalSection(SolutionProperties) = preSolution
		HideSolutionNode = FALSE
	EndGlobalSection
EndGlobal
